
Microsoft Visual Studio Solution File, Format Version 12.00
# Visual Studio 15
Project("{FAE04EC0-301F-11D3-BF4B-00C04F79EFBC}") = "Assembly-CSharp", "Assembly-CSharp.csproj", "{F956D5D1-3E3D-DE93-C40B-B462EEA0C25B}"
EndProject
Project("{FAE04EC0-301F-11D3-BF4B-00C04F79EFBC}") = "Assembly-CSharp-Editor", "Assembly-CSharp-Editor.csproj", "{B5F07B1F-ECC8-3206-3AD1-F3986AF8B400}"
EndProject
Global
	GlobalSection(SolutionConfigurationPlatforms) = preSolution
		Debug|Any CPU = Debug|Any CPU
		Release|Any CPU = Release|Any CPU
	EndGlobalSection
	GlobalSection(ProjectConfigurationPlatforms) = postSolution
		{F956D5D1-3E3D-DE93-C40B-B462EEA0C25B}.Debug|Any CPU.ActiveCfg = Debug|Any CPU
		{F956D5D1-3E3D-DE93-C40B-B462EEA0C25B}.Debug|Any CPU.Build.0 = Debug|Any CPU
		{F956D5D1-3E3D-DE93-C40B-B462EEA0C25B}.Release|Any CPU.ActiveCfg = Release|Any CPU
		{F956D5D1-3E3D-DE93-C40B-B462EEA0C25B}.Release|Any CPU.Build.0 = Release|Any CPU
		{B5F07B1F-ECC8-3206-3AD1-F3986AF8B400}.Debug|Any CPU.ActiveCfg = Debug|Any CPU
		{B5F07B1F-ECC8-3206-3AD1-F3986AF8B400}.Debug|Any CPU.Build.0 = Debug|Any CPU
		{B5F07B1F-ECC8-3206-3AD1-F3986AF8B400}.Release|Any CPU.ActiveCfg = Release|Any CPU
		{B5F07B1F-ECC8-3206-3AD1-F3986AF8B400}.Release|Any CPU.Build.0 = Release|Any CPU
	EndGlobalSection
	GlobalSection(SolutionProperties) = preSolution
		HideSolutionNode = FALSE
	EndGlobalSection
EndGlobal
